
Microsoft Visual Studio Solution File, Format Version 12.00
# Visual Studio Version 16
VisualStudioVersion = 16.0.34031.81
MinimumVisualStudioVersion = 10.0.40219.1
Project("{FAE04EC0-301F-11D3-BF4B-00C04F79EFBC}") = "Pares consecutivos", "Pares consecutivos\Pares consecutivos.csproj", "{146FA5C3-6A05-4E06-A187-A76B91820B20}"
EndProject
Global
	GlobalSection(SolutionConfigurationPlatforms) = preSolution
		Debug|Any CPU = Debug|Any CPU
		Release|Any CPU = Release|Any CPU
	EndGlobalSection
	GlobalSection(ProjectConfigurationPlatforms) = postSolution
		{146FA5C3-6A05-4E06-A187-A76B91820B20}.Debug|Any CPU.ActiveCfg = Debug|Any CPU
		{146FA5C3-6A05-4E06-A187-A76B91820B20}.Debug|Any CPU.Build.0 = Debug|Any CPU
		{146FA5C3-6A05-4E06-A187-A76B91820B20}.Release|Any CPU.ActiveCfg = Release|Any CPU
		{146FA5C3-6A05-4E06-A187-A76B91820B20}.Release|Any CPU.Build.0 = Release|Any CPU
	EndGlobalSection
	GlobalSection(SolutionProperties) = preSolution
		HideSolutionNode = FALSE
	EndGlobalSection
	GlobalSection(ExtensibilityGlobals) = postSolution
		SolutionGuid = {258869A5-3E23-4A08-8DC7-D26CE6720D25}
	EndGlobalSection
EndGlobal
